Microsoft Visual Studio Solution File, Format Version 12.00
# Visual Studio 15
VisualStudioVersion = 15.0.26228.4
MinimumVisualStudioVersion = 15.0.26206.0
Project("{2150E333-8FDC-42A3-9474-1A3956D46DE8}") = "Pods", "Pods", "{0A43CD70-8CC4-411B-990B-6AB3041B9CB3}"
EndProject
Project("{2150E333-8FDC-42A3-9474-1A3956D46DE8}") = "photowall", "photowall", "{FD9DAACD-5A0E-434F-A931-4FC24B08D1DC}"
EndProject
Project("{8BC9CEB8-8B4A-11D0-8D11-00A0C91BC942}") = "photowall", "photowall.vsimporter\photowall-WinStore10\photowall.vcxproj", "{FD42941D-45E2-474A-9600-292C3CB35A86}"
EndProject
Project("{8BC9CEB8-8B4A-11D0-8D11-00A0C91BC942}") = "Nocilla", "Pods\Pods.vsimporter\Nocilla-WinStore10\Nocilla.vcxproj", "{A7D1DBD9-E1CB-485A-B811-63C007B1F018}"
EndProject
Project("{8BC9CEB8-8B4A-11D0-8D11-00A0C91BC942}") = "SDWebImage", "Pods\Pods.vsimporter\SDWebImage-WinStore10\SDWebImage.vcxproj", "{B01DAF5D-23AE-4A60-936C-5EA196998F14}"
EndProject
Project("{8BC9CEB8-8B4A-11D0-8D11-00A0C91BC942}") = "Pods-photowall-photowallTests", "Pods\Pods.vsimporter\Pods-photowall-photowallTests-WinStore10\Pods-photowall-photowallTests.vcxproj", "{6BBEF765-8A10-46DC-A744-EF3EF148115D}"
	ProjectSection(ProjectDependencies) = postProject
		{B01DAF5D-23AE-4A60-936C-5EA196998F14} = {B01DAF5D-23AE-4A60-936C-5EA196998F14}
		{307F8FA1-F1B1-42DC-A9D2-BC922E8CB507} = {307F8FA1-F1B1-42DC-A9D2-BC922E8CB507}
		{3ECEFCA3-4B80-4D26-A987-81CECFEE2FF5} = {3ECEFCA3-4B80-4D26-A987-81CECFEE2FF5}
		{A7D1DBD9-E1CB-485A-B811-63C007B1F018} = {A7D1DBD9-E1CB-485A-B811-63C007B1F018}
		{1556B8A6-DD9B-44F5-BB1F-E2B58D6562E1} = {1556B8A6-DD9B-44F5-BB1F-E2B58D6562E1}
		{AF89E37F-CC29-4A08-949E-2A04D26B103C} = {AF89E37F-CC29-4A08-949E-2A04D26B103C}
	EndProjectSection
EndProject
Project("{8BC9CEB8-8B4A-11D0-8D11-00A0C91BC942}") = "NitroKeychain", "Pods\Pods.vsimporter\NitroKeychain-WinStore10\NitroKeychain.vcxproj", "{AF89E37F-CC29-4A08-949E-2A04D26B103C}"
EndProject
Project("{8BC9CEB8-8B4A-11D0-8D11-00A0C91BC942}") = "Pods-photowall", "Pods\Pods.vsimporter\Pods-photowall-WinStore10\Pods-photowall.vcxproj", "{7DBCB20C-B4FB-42B8-93FE-89378B74052E}"
	ProjectSection(ProjectDependencies) = postProject
		{B01DAF5D-23AE-4A60-936C-5EA196998F14} = {B01DAF5D-23AE-4A60-936C-5EA196998F14}
		{307F8FA1-F1B1-42DC-A9D2-BC922E8CB507} = {307F8FA1-F1B1-42DC-A9D2-BC922E8CB507}
		{1556B8A6-DD9B-44F5-BB1F-E2B58D6562E1} = {1556B8A6-DD9B-44F5-BB1F-E2B58D6562E1}
		{AF89E37F-CC29-4A08-949E-2A04D26B103C} = {AF89E37F-CC29-4A08-949E-2A04D26B103C}
	EndProjectSection
EndProject
Project("{8BC9CEB8-8B4A-11D0-8D11-00A0C91BC942}") = "MagicalRecord", "Pods\Pods.vsimporter\MagicalRecord-WinStore10\MagicalRecord.vcxproj", "{307F8FA1-F1B1-42DC-A9D2-BC922E8CB507}"
EndProject
Project("{8BC9CEB8-8B4A-11D0-8D11-00A0C91BC942}") = "AFNetworking", "Pods\Pods.vsimporter\AFNetworking-WinStore10\AFNetworking.vcxproj", "{1556B8A6-DD9B-44F5-BB1F-E2B58D6562E1}"
EndProject
Project("{8BC9CEB8-8B4A-11D0-8D11-00A0C91BC942}") = "OCMock", "Pods\Pods.vsimporter\OCMock-WinStore10\OCMock.vcxproj", "{3ECEFCA3-4B80-4D26-A987-81CECFEE2FF5}"
EndProject
Project("{8BC9CEB8-8B4A-11D0-8D11-00A0C91BC942}") = "Pods-Headers", "Pods\Pods.vsimporter\Pods-Headers-WinStore10\Pods-Headers.vcxitems", "{248C0ABF-464F-445F-B4FA-C8AF06320F3E}"
EndProject
Global
	GlobalSection(SharedMSBuildProjectFiles) = preSolution
		Pods\Pods.vsimporter\Pods-Headers-WinStore10\Pods-Headers.vcxitems*{1556B8A6-DD9B-44F5-BB1F-E2B58D6562E1}*SharedItemsImports = 4
		Pods\Pods.vsimporter\Pods-Headers-WinStore10\Pods-Headers.vcxitems*{307F8FA1-F1B1-42DC-A9D2-BC922E8CB507}*SharedItemsImports = 4
		Pods\Pods.vsimporter\Pods-Headers-WinStore10\Pods-Headers.vcxitems*{AF89E37F-CC29-4A08-949E-2A04D26B103C}*SharedItemsImports = 4
		Pods\Pods.vsimporter\Pods-Headers-WinStore10\Pods-Headers.vcxitems*{A7D1DBD9-E1CB-485A-B811-63C007B1F018}*SharedItemsImports = 4
		Pods\Pods.vsimporter\Pods-Headers-WinStore10\Pods-Headers.vcxitems*{3ECEFCA3-4B80-4D26-A987-81CECFEE2FF5}*SharedItemsImports = 4
		Pods\Pods.vsimporter\Pods-Headers-WinStore10\Pods-Headers.vcxitems*{248C0ABF-464F-445F-B4FA-C8AF06320F3E}*SharedItemsImports = 9
		Pods\Pods.vsimporter\Pods-Headers-WinStore10\Pods-Headers.vcxitems*{7DBCB20C-B4FB-42B8-93FE-89378B74052E}*SharedItemsImports = 4
		Pods\Pods.vsimporter\Pods-Headers-WinStore10\Pods-Headers.vcxitems*{6BBEF765-8A10-46DC-A744-EF3EF148115D}*SharedItemsImports = 4
		Pods\Pods.vsimporter\Pods-Headers-WinStore10\Pods-Headers.vcxitems*{B01DAF5D-23AE-4A60-936C-5EA196998F14}*SharedItemsImports = 4
	EndGlobalSection
	GlobalSection(SolutionConfigurationPlatforms) = preSolution
		Debug|ARM = Debug|ARM
		Debug|Win32 = Debug|Win32
		Release|ARM = Release|ARM
		Release|Win32 = Release|Win32
	EndGlobalSection
	GlobalSection(ProjectConfigurationPlatforms) = postSolution
		{1556B8A6-DD9B-44F5-BB1F-E2B58D6562E1}.Debug|ARM.ActiveCfg = Debug|ARM
		{1556B8A6-DD9B-44F5-BB1F-E2B58D6562E1}.Debug|ARM.Build.0 = Debug|ARM
		{1556B8A6-DD9B-44F5-BB1F-E2B58D6562E1}.Debug|Win32.ActiveCfg = Debug|Win32
		{1556B8A6-DD9B-44F5-BB1F-E2B58D6562E1}.Debug|Win32.Build.0 = Debug|Win32
		{1556B8A6-DD9B-44F5-BB1F-E2B58D6562E1}.Release|ARM.ActiveCfg = Release|ARM
		{1556B8A6-DD9B-44F5-BB1F-E2B58D6562E1}.Release|ARM.Build.0 = Release|ARM
		{1556B8A6-DD9B-44F5-BB1F-E2B58D6562E1}.Release|Win32.ActiveCfg = Release|Win32
		{1556B8A6-DD9B-44F5-BB1F-E2B58D6562E1}.Release|Win32.Build.0 = Release|Win32
		{307F8FA1-F1B1-42DC-A9D2-BC922E8CB507}.Debug|ARM.ActiveCfg = Debug|ARM
		{307F8FA1-F1B1-42DC-A9D2-BC922E8CB507}.Debug|ARM.Build.0 = Debug|ARM
		{307F8FA1-F1B1-42DC-A9D2-BC922E8CB507}.Debug|Win32.ActiveCfg = Debug|Win32
		{307F8FA1-F1B1-42DC-A9D2-BC922E8CB507}.Debug|Win32.Build.0 = Debug|Win32
		{307F8FA1-F1B1-42DC-A9D2-BC922E8CB507}.Release|ARM.ActiveCfg = Release|ARM
		{307F8FA1-F1B1-42DC-A9D2-BC922E8CB507}.Release|ARM.Build.0 = Release|ARM
		{307F8FA1-F1B1-42DC-A9D2-BC922E8CB507}.Release|Win32.ActiveCfg = Release|Win32
		{307F8FA1-F1B1-42DC-A9D2-BC922E8CB507}.Release|Win32.Build.0 = Release|Win32
		{AF89E37F-CC29-4A08-949E-2A04D26B103C}.Debug|ARM.ActiveCfg = Debug|ARM
		{AF89E37F-CC29-4A08-949E-2A04D26B103C}.Debug|ARM.Build.0 = Debug|ARM
		{AF89E37F-CC29-4A08-949E-2A04D26B103C}.Debug|Win32.ActiveCfg = Debug|Win32
		{AF89E37F-CC29-4A08-949E-2A04D26B103C}.Debug|Win32.Build.0 = Debug|Win32
		{AF89E37F-CC29-4A08-949E-2A04D26B103C}.Release|ARM.ActiveCfg = Release|ARM
		{AF89E37F-CC29-4A08-949E-2A04D26B103C}.Release|ARM.Build.0 = Release|ARM
		{AF89E37F-CC29-4A08-949E-2A04D26B103C}.Release|Win32.ActiveCfg = Release|Win32
		{AF89E37F-CC29-4A08-949E-2A04D26B103C}.Release|Win32.Build.0 = Release|Win32
		{A7D1DBD9-E1CB-485A-B811-63C007B1F018}.Debug|ARM.ActiveCfg = Debug|ARM
		{A7D1DBD9-E1CB-485A-B811-63C007B1F018}.Debug|ARM.Build.0 = Debug|ARM
		{A7D1DBD9-E1CB-485A-B811-63C007B1F018}.Debug|Win32.ActiveCfg = Debug|Win32
		{A7D1DBD9-E1CB-485A-B811-63C007B1F018}.Debug|Win32.Build.0 = Debug|Win32
		{A7D1DBD9-E1CB-485A-B811-63C007B1F018}.Release|ARM.ActiveCfg = Release|ARM
		{A7D1DBD9-E1CB-485A-B811-63C007B1F018}.Release|ARM.Build.0 = Release|ARM
		{A7D1DBD9-E1CB-485A-B811-63C007B1F018}.Release|Win32.ActiveCfg = Release|Win32
		{A7D1DBD9-E1CB-485A-B811-63C007B1F018}.Release|Win32.Build.0 = Release|Win32
		{3ECEFCA3-4B80-4D26-A987-81CECFEE2FF5}.Debug|ARM.ActiveCfg = Debug|ARM
		{3ECEFCA3-4B80-4D26-A987-81CECFEE2FF5}.Debug|ARM.Build.0 = Debug|ARM
		{3ECEFCA3-4B80-4D26-A987-81CECFEE2FF5}.Debug|Win32.ActiveCfg = Debug|Win32
		{3ECEFCA3-4B80-4D26-A987-81CECFEE2FF5}.Debug|Win32.Build.0 = Debug|Win32
		{3ECEFCA3-4B80-4D26-A987-81CECFEE2FF5}.Release|ARM.ActiveCfg = Release|ARM
		{3ECEFCA3-4B80-4D26-A987-81CECFEE2FF5}.Release|ARM.Build.0 = Release|ARM
		{3ECEFCA3-4B80-4D26-A987-81CECFEE2FF5}.Release|Win32.ActiveCfg = Release|Win32
		{3ECEFCA3-4B80-4D26-A987-81CECFEE2FF5}.Release|Win32.Build.0 = Release|Win32
		{7DBCB20C-B4FB-42B8-93FE-89378B74052E}.Debug|ARM.ActiveCfg = Debug|ARM
		{7DBCB20C-B4FB-42B8-93FE-89378B74052E}.Debug|ARM.Build.0 = Debug|ARM
		{7DBCB20C-B4FB-42B8-93FE-89378B74052E}.Debug|Win32.ActiveCfg = Debug|Win32
		{7DBCB20C-B4FB-42B8-93FE-89378B74052E}.Debug|Win32.Build.0 = Debug|Win32
		{7DBCB20C-B4FB-42B8-93FE-89378B74052E}.Release|ARM.ActiveCfg = Release|ARM
		{7DBCB20C-B4FB-42B8-93FE-89378B74052E}.Release|ARM.Build.0 = Release|ARM
		{7DBCB20C-B4FB-42B8-93FE-89378B74052E}.Release|Win32.ActiveCfg = Release|Win32
		{7DBCB20C-B4FB-42B8-93FE-89378B74052E}.Release|Win32.Build.0 = Release|Win32
		{6BBEF765-8A10-46DC-A744-EF3EF148115D}.Debug|ARM.ActiveCfg = Debug|ARM
		{6BBEF765-8A10-46DC-A744-EF3EF148115D}.Debug|ARM.Build.0 = Debug|ARM
		{6BBEF765-8A10-46DC-A744-EF3EF148115D}.Debug|Win32.ActiveCfg = Debug|Win32
		{6BBEF765-8A10-46DC-A744-EF3EF148115D}.Debug|Win32.Build.0 = Debug|Win32
		{6BBEF765-8A10-46DC-A744-EF3EF148115D}.Release|ARM.ActiveCfg = Release|ARM
		{6BBEF765-8A10-46DC-A744-EF3EF148115D}.Release|ARM.Build.0 = Release|ARM
		{6BBEF765-8A10-46DC-A744-EF3EF148115D}.Release|Win32.ActiveCfg = Release|Win32
		{6BBEF765-8A10-46DC-A744-EF3EF148115D}.Release|Win32.Build.0 = Release|Win32
		{B01DAF5D-23AE-4A60-936C-5EA196998F14}.Debug|ARM.ActiveCfg = Debug|ARM
		{B01DAF5D-23AE-4A60-936C-5EA196998F14}.Debug|ARM.Build.0 = Debug|ARM
		{B01DAF5D-23AE-4A60-936C-5EA196998F14}.Debug|Win32.ActiveCfg = Debug|Win32
		{B01DAF5D-23AE-4A60-936C-5EA196998F14}.Debug|Win32.Build.0 = Debug|Win32
		{B01DAF5D-23AE-4A60-936C-5EA196998F14}.Release|ARM.ActiveCfg = Release|ARM
		{B01DAF5D-23AE-4A60-936C-5EA196998F14}.Release|ARM.Build.0 = Release|ARM
		{B01DAF5D-23AE-4A60-936C-5EA196998F14}.Release|Win32.ActiveCfg = Release|Win32
		{B01DAF5D-23AE-4A60-936C-5EA196998F14}.Release|Win32.Build.0 = Release|Win32
		{FD42941D-45E2-474A-9600-292C3CB35A86}.Debug|ARM.ActiveCfg = Debug|ARM
		{FD42941D-45E2-474A-9600-292C3CB35A86}.Debug|ARM.Build.0 = Debug|ARM
		{FD42941D-45E2-474A-9600-292C3CB35A86}.Debug|ARM.Deploy.0 = Debug|ARM
		{FD42941D-45E2-474A-9600-292C3CB35A86}.Debug|Win32.ActiveCfg = Debug|Win32
		{FD42941D-45E2-474A-9600-292C3CB35A86}.Debug|Win32.Build.0 = Debug|Win32
		{FD42941D-45E2-474A-9600-292C3CB35A86}.Debug|Win32.Deploy.0 = Debug|Win32
		{FD42941D-45E2-474A-9600-292C3CB35A86}.Release|ARM.ActiveCfg = Release|ARM
		{FD42941D-45E2-474A-9600-292C3CB35A86}.Release|ARM.Build.0 = Release|ARM
		{FD42941D-45E2-474A-9600-292C3CB35A86}.Release|ARM.Deploy.0 = Release|ARM
		{FD42941D-45E2-474A-9600-292C3CB35A86}.Release|Win32.ActiveCfg = Release|Win32
		{FD42941D-45E2-474A-9600-292C3CB35A86}.Release|Win32.Build.0 = Release|Win32
		{FD42941D-45E2-474A-9600-292C3CB35A86}.Release|Win32.Deploy.0 = Release|Win32
	EndGlobalSection
	GlobalSection(SolutionProperties) = preSolution
		HideSolutionNode = FALSE
	EndGlobalSection
	GlobalSection(NestedProjects) = preSolution
		{FD42941D-45E2-474A-9600-292C3CB35A86} = {FD9DAACD-5A0E-434F-A931-4FC24B08D1DC}
		{A7D1DBD9-E1CB-485A-B811-63C007B1F018} = {0A43CD70-8CC4-411B-990B-6AB3041B9CB3}
		{B01DAF5D-23AE-4A60-936C-5EA196998F14} = {0A43CD70-8CC4-411B-990B-6AB3041B9CB3}
		{6BBEF765-8A10-46DC-A744-EF3EF148115D} = {0A43CD70-8CC4-411B-990B-6AB3041B9CB3}
		{AF89E37F-CC29-4A08-949E-2A04D26B103C} = {0A43CD70-8CC4-411B-990B-6AB3041B9CB3}
		{7DBCB20C-B4FB-42B8-93FE-89378B74052E} = {0A43CD70-8CC4-411B-990B-6AB3041B9CB3}
		{307F8FA1-F1B1-42DC-A9D2-BC922E8CB507} = {0A43CD70-8CC4-411B-990B-6AB3041B9CB3}
		{1556B8A6-DD9B-44F5-BB1F-E2B58D6562E1} = {0A43CD70-8CC4-411B-990B-6AB3041B9CB3}
		{3ECEFCA3-4B80-4D26-A987-81CECFEE2FF5} = {0A43CD70-8CC4-411B-990B-6AB3041B9CB3}
		{248C0ABF-464F-445F-B4FA-C8AF06320F3E} = {0A43CD70-8CC4-411B-990B-6AB3041B9CB3}
	EndGlobalSection
EndGlobal
